Microsoft Visual Studio Solution File, Format Version 12.00
# Visual Studio Version 17
VisualStudioVersion = 17.5.2.0
MinimumVisualStudioVersion = 10.0.40219.1
Project("{FAE04EC0-301F-11D3-BF4B-00C04F79EFBC}") = "BookingService", "BookingService.csproj", "{2583F04C-B69F-F867-F5B6-2AE844B7AE88}"
EndProject
Global
	GlobalSection(SolutionConfigurationPlatforms) = preSolution
		Debug|Any CPU = Debug|Any CPU
		Release|Any CPU = Release|Any CPU
	EndGlobalSection
	GlobalSection(ProjectConfigurationPlatforms) = postSolution
		{2583F04C-B69F-F867-F5B6-2AE844B7AE88}.Debug|Any CPU.ActiveCfg = Debug|Any CPU
		{2583F04C-B69F-F867-F5B6-2AE844B7AE88}.Debug|Any CPU.Build.0 = Debug|Any CPU
		{2583F04C-B69F-F867-F5B6-2AE844B7AE88}.Release|Any CPU.ActiveCfg = Release|Any CPU
		{2583F04C-B69F-F867-F5B6-2AE844B7AE88}.Release|Any CPU.Build.0 = Release|Any CPU
	EndGlobalSection
	GlobalSection(SolutionProperties) = preSolution
		HideSolutionNode = FALSE
	EndGlobalSection
	GlobalSection(ExtensibilityGlobals) = postSolution
		SolutionGuid = {4787818F-34CB-4D0D-87A3-24A80C8ADFC3}
	EndGlobalSection
EndGlobal
